
Microsoft Visual Studio Solution File, Format Version 12.00
# Visual Studio Version 17
VisualStudioVersion = 17.10.34928.147
MinimumVisualStudioVersion = 10.0.40219.1
Project("{9A19103F-16F7-4668-BE54-9A1E7A4F7556}") = "assignment 1 adcanced c#", "assignment 1 adcanced c#\assignment 1 adcanced c#.csproj", "{B2E9D0D1-ED01-4199-A615-CD539686D772}"
EndProject
Project("{FAE04EC0-301F-11D3-BF4B-00C04F79EFBC}") = "assignment 1 c# advanced", "assignment 1 c# advanced\assignment 1 c# advanced.csproj", "{CA364164-0C34-4D07-9B8B-CECBD75769D9}"
EndProject
Global
	GlobalSection(SolutionConfigurationPlatforms) = preSolution
		Debug|Any CPU = Debug|Any CPU
		Release|Any CPU = Release|Any CPU
	EndGlobalSection
	GlobalSection(ProjectConfigurationPlatforms) = postSolution
		{B2E9D0D1-ED01-4199-A615-CD539686D772}.Debug|Any CPU.ActiveCfg = Debug|Any CPU
		{B2E9D0D1-ED01-4199-A615-CD539686D772}.Debug|Any CPU.Build.0 = Debug|Any CPU
		{B2E9D0D1-ED01-4199-A615-CD539686D772}.Release|Any CPU.ActiveCfg = Release|Any CPU
		{B2E9D0D1-ED01-4199-A615-CD539686D772}.Release|Any CPU.Build.0 = Release|Any CPU
		{CA364164-0C34-4D07-9B8B-CECBD75769D9}.Debug|Any CPU.ActiveCfg = Debug|Any CPU
		{CA364164-0C34-4D07-9B8B-CECBD75769D9}.Debug|Any CPU.Build.0 = Debug|Any CPU
		{CA364164-0C34-4D07-9B8B-CECBD75769D9}.Release|Any CPU.ActiveCfg = Release|Any CPU
		{CA364164-0C34-4D07-9B8B-CECBD75769D9}.Release|Any CPU.Build.0 = Release|Any CPU
	EndGlobalSection
	GlobalSection(SolutionProperties) = preSolution
		HideSolutionNode = FALSE
	EndGlobalSection
	GlobalSection(ExtensibilityGlobals) = postSolution
		SolutionGuid = {754EFB7A-4A19-48F9-8D11-BD7BC69CA749}
	EndGlobalSection
EndGlobal
